{
  "name": "label-scanner",
  "version": "2.0.0",
  "lockfileVersion": 3,
  "requires": true,
  "packages": {
    "": {
      "name": "label-scanner",
      "version": "2.0.0",
      "license": "MIT",
      "devDependencies": {
        "@fontsource/ibm-plex-mono": "5.3.0",
        "@fontsource/ibm-plex-sans": "5.3.0",
        "@playwright/test": "1.56.1",
        "bwip-js": "4.11.4",
        "jpeg-js": "0.4.4",
        "oui-data": "2.1.35",
        "zxing-wasm": "2.2.4"
      }
    },
    "node_modules/@fontsource/ibm-plex-mono": {
      "version": "5.3.0",
      "resolved": "https://registry.npmjs.org/@fontsource/ibm-plex-mono/-/ibm-plex-mono-5.3.0.tgz",
      "integrity": "sha512-eTgnZjZEGk1QtD3ZstF+Vclo2HLAni8YMy34/DxllwZvyz1lR/1RF/xTiAquOBO7MvqBx8D2Ig2WCPMVfdZu7Q==",
      "dev": true,
      "license": "OFL-1.1",
      "funding": {
        "url": "https://github.com/sponsors/ayuhito"
      }
    },
    "node_modules/@fontsource/ibm-plex-sans": {
      "version": "5.3.0",
      "resolved": "https://registry.npmjs.org/@fontsource/ibm-plex-sans/-/ibm-plex-sans-5.3.0.tgz",
      "integrity": "sha512-CbE4CbbEEZJX860XyUiRpsksXIQR8Rp2XDva2VO53NJox9tVNtusrysd2x5YkUEY3ErQ66W1IiiQL8/wihhw5w==",
      "dev": true,
      "license": "OFL-1.1",
      "funding": {
        "url": "https://github.com/sponsors/ayuhito"
      }
    },
    "node_modules/@playwright/test": {
      "version": "1.56.1",
      "resolved": "https://registry.npmjs.org/@playwright/test/-/test-1.56.1.tgz",
      "integrity": "sha512-vSMYtL/zOcFpvJCW71Q/OEGQb7KYBPAdKh35WNSkaZA75JlAO8ED8UN6GUNTm3drWomcbcqRPFqQbLae8yBTdg==",
      "dev": true,
      "license": "Apache-2.0",
      "dependencies": {
        "playwright": "1.56.1"
      },
      "bin": {
        "playwright": "cli.js"
      },
      "engines": {
        "node": ">=18"
      }
    },
    "node_modules/@types/emscripten": {
      "version": "1.41.6",
      "resolved": "https://registry.npmjs.org/@types/emscripten/-/emscripten-1.41.6.tgz",
      "integrity": "sha512-uN+9i8bFT5CUcZfyIEYDrSueACEyKGbUs5kC/72DGlZZoinh84sJfVV0i8UOJD1asdzkvLPBRrKs41kZ8MdEXg==",
      "dev": true,
      "license": "MIT"
    },
    "node_modules/bwip-js": {
      "version": "4.11.4",
      "resolved": "https://registry.npmjs.org/bwip-js/-/bwip-js-4.11.4.tgz",
      "integrity": "sha512-FOXnOQkinxog8FwxdnPB+8k2wRqwPnqXwxX37KcXOtMNW+9CinOkGv9MtIoRC4HX/UyogT0/9lIp6FDm2DcquQ==",
      "dev": true,
      "license": "MIT",
      "bin": {
        "bwip-js": "bin/bwip-js.js"
      }
    },
    "node_modules/fsevents": {
      "version": "2.3.2",
      "resolved": "https://registry.npmjs.org/fsevents/-/fsevents-2.3.2.tgz",
      "integrity": "sha512-xiqMQR4xAeHTuB9uWm+fFRcIOgKBMiOBP+eXiyT7jsgVCq1bkVygt00oASowB7EdtpOHaaPgKt812P9ab+DDKA==",
      "dev": true,
      "hasInstallScript": true,
      "license": "MIT",
      "optional": true,
      "os": [
        "darwin"
      ],
      "engines": {
        "node": "^8.16.0 || ^10.6.0 || >=11.0.0"
      }
    },
    "node_modules/jpeg-js": {
      "version": "0.4.4",
      "resolved": "https://registry.npmjs.org/jpeg-js/-/jpeg-js-0.4.4.tgz",
      "integrity": "sha512-WZzeDOEtTOBK4Mdsar0IqEU5sMr3vSV2RqkAIzUEV2BHnUfKGyswWFPFwK5EeDo93K3FohSHbLAjj0s1Wzd+dg==",
      "dev": true,
      "license": "BSD-3-Clause"
    },
    "node_modules/oui-data": {
      "version": "2.1.35",
      "resolved": "https://registry.npmjs.org/oui-data/-/oui-data-2.1.35.tgz",
      "integrity": "sha512-BhKWWvXCcVi5sdoeiu6/77Do2/4xKIyXnihL2BNgrUjkJZ3SIc0mHhgojNqFBdKr3OBTVO/SFmmscHmgu3F0UA==",
      "dev": true,
      "license": "BSD-2-Clause"
    },
    "node_modules/playwright": {
      "version": "1.56.1",
      "resolved": "https://registry.npmjs.org/playwright/-/playwright-1.56.1.tgz",
      "integrity": "sha512-aFi5B0WovBHTEvpM3DzXTUaeN6eN0qWnTkKx4NQaH4Wvcmc153PdaY2UBdSYKaGYw+UyWXSVyxDUg5DoPEttjw==",
      "dev": true,
      "license": "Apache-2.0",
      "dependencies": {
        "playwright-core": "1.56.1"
      },
      "bin": {
        "playwright": "cli.js"
      },
      "engines": {
        "node": ">=18"
      },
      "optionalDependencies": {
        "fsevents": "2.3.2"
      }
    },
    "node_modules/playwright-core": {
      "version": "1.56.1",
      "resolved": "https://registry.npmjs.org/playwright-core/-/playwright-core-1.56.1.tgz",
      "integrity": "sha512-hutraynyn31F+Bifme+Ps9Vq59hKuUCz7H1kDOcBs+2oGguKkWTU50bBWrtz34OUWmIwpBTWDxaRPXrIXkgvmQ==",
      "dev": true,
      "license": "Apache-2.0",
      "bin": {
        "playwright-core": "cli.js"
      },
      "engines": {
        "node": ">=18"
      }
    },
    "node_modules/tagged-tag": {
      "version": "1.0.0",
      "resolved": "https://registry.npmjs.org/tagged-tag/-/tagged-tag-1.0.0.tgz",
      "integrity": "sha512-yEFYrVhod+hdNyx7g5Bnkkb0G6si8HJurOoOEgC8B/O0uXLHlaey/65KRv6cuWBNhBgHKAROVpc7QyYqE5gFng==",
      "dev": true,
      "license": "MIT",
      "engines": {
        "node": ">=20"
      },
      "funding": {
        "url": "https://github.com/sponsors/sindresorhus"
      }
    },
    "node_modules/type-fest": {
      "version": "5.10.0",
      "resolved": "https://registry.npmjs.org/type-fest/-/type-fest-5.10.0.tgz",
      "integrity": "sha512-NoSdpq/WEiAg5sjmBkmV/hfxv6HJH4NqPNrqjtSO5CwRmpsDfaf4begxW34KdJykH/l1yHtwBWQkCRdoXO8mPA==",
      "dev": true,
      "license": "(MIT OR CC0-1.0)",
      "dependencies": {
        "tagged-tag": "^1.0.0"
      },
      "engines": {
        "node": ">=20"
      },
      "funding": {
        "url": "https://github.com/sponsors/sindresorhus"
      }
    },
    "node_modules/zxing-wasm": {
      "version": "2.2.4",
      "resolved": "https://registry.npmjs.org/zxing-wasm/-/zxing-wasm-2.2.4.tgz",
      "integrity": "sha512-1gq5zs4wuNTs5umWLypzNNeuJoluFvwmvjiiT3L9z/TMlVveeJRWy7h90xyUqCe+Qq0zL0w7o5zkdDMWDr9aZA==",
      "dev": true,
      "license": "MIT",
      "dependencies": {
        "@types/emscripten": "^1.41.5",
        "type-fest": "^5.2.0"
      },
      "peerDependencies": {
        "@types/emscripten": ">=1.39.6"
      }
    }
  }
}
